Microsoft Visual Studio Solution File, Format Version 12.00
# Visual Studio Version 17
VisualStudioVersion = 17.0.31919.166
MinimumVisualStudioVersion = 15.0.26124.0
Project("{D954291E-2A0B-460D-934E-DC6B0785DB48}") = "TAP.Shared", "TAP.Shared\TAP.Shared.shproj", "{6279C845-92F8-4333-AB99-3D213163593C}"
EndProject
Project("{FAE04EC0-301F-11D3-BF4B-00C04F79EFBC}") = "TAP.Droid", "TAP.Droid\TAP.Droid.csproj", "{88DFCE87-5132-4D27-84DA-BDD8F33BF0C0}"
EndProject
Project("{FAE04EC0-301F-11D3-BF4B-00C04F79EFBC}") = "TAP.iOS", "TAP.iOS\TAP.iOS.csproj", "{C02E9BB2-17BF-4A6A-9506-E1D9CF496722}"
EndProject
Project("{9A19103F-16F7-4668-BE54-9A1E7A4F7556}") = "TAP.Wasm", "TAP.Wasm\TAP.Wasm.csproj", "{40EA03F7-8A22-4143-B251-79BAC3EB13D2}"
EndProject
Project("{FAE04EC0-301F-11D3-BF4B-00C04F79EFBC}") = "TAP.macOS", "TAP.macOS\TAP.macOS.csproj", "{26EFA701-4ACB-4CC0-B7DD-36EB6E02E647}"
EndProject
Project("{9A19103F-16F7-4668-BE54-9A1E7A4F7556}") = "TAP.Skia.Gtk", "TAP.Skia.Gtk\TAP.Skia.Gtk.csproj", "{A5B8155A-118F-4794-B551-C6F3CF7E5411}"
EndProject
Project("{9A19103F-16F7-4668-BE54-9A1E7A4F7556}") = "TAP.Skia.WPF", "TAP.Skia.WPF\TAP.Skia.WPF.csproj", "{C3CD9494-C334-42F4-8626-E0495FA1F188}"
EndProject
Project("{9A19103F-16F7-4668-BE54-9A1E7A4F7556}") = "TAP.Skia.Wpf.Host", "TAP.Skia.WPF.Host\TAP.Skia.Wpf.Host.csproj", "{6CF284A4-22B1-4F05-97F4-F095C07A598E}"
EndProject
Project("{9A19103F-16F7-4668-BE54-9A1E7A4F7556}") = "TAP.Windows.Desktop", "TAP.Windows.Desktop\TAP.Windows.Desktop.csproj", "{1AA13270-F438-4864-9435-54FD806E10EA}"
EndProject
Project("{C7167F0D-BC9F-4E6E-AFE1-012C56B48DB5}") = "TAP.Windows.Package", "TAP.Windows.Package\TAP.Windows.Package.wapproj", "{1E9ADD43-9EC6-4902-85E1-F529378C5F6C}"
EndProject
Project("{9A19103F-16F7-4668-BE54-9A1E7A4F7556}") = "TAP.ModuleA", "TAP.ModuleA\TAP.ModuleA.csproj", "{BBF3068B-3E08-44A4-866A-BD20DB4B78C5}"
EndProject
Global
	GlobalSection(SharedMSBuildProjectFiles) = preSolution
		TAP.Shared\TAP.Shared.projitems*{1aa13270-f438-4864-9435-54fd806e10ea}*SharedItemsImports = 5
		TAP.Shared\TAP.Shared.projitems*{26efa701-4acb-4cc0-b7dd-36eb6e02e647}*SharedItemsImports = 4
		TAP.Shared\TAP.Shared.projitems*{40ea03f7-8a22-4143-b251-79bac3eb13d2}*SharedItemsImports = 5
		TAP.Shared\TAP.Shared.projitems*{6279c845-92f8-4333-ab99-3d213163593c}*SharedItemsImports = 13
		TAP.Shared\TAP.Shared.projitems*{88dfce87-5132-4d27-84da-bdd8f33bf0c0}*SharedItemsImports = 4
		TAP.Shared\TAP.Shared.projitems*{a5b8155a-118f-4794-b551-c6f3cf7e5411}*SharedItemsImports = 5
		TAP.Shared\TAP.Shared.projitems*{c02e9bb2-17bf-4a6a-9506-e1d9cf496722}*SharedItemsImports = 4
		TAP.Shared\TAP.Shared.projitems*{c3cd9494-c334-42f4-8626-e0495fa1f188}*SharedItemsImports = 5
	EndGlobalSection
	GlobalSection(SolutionConfigurationPlatforms) = preSolution
		Debug|Any CPU = Debug|Any CPU
		Debug|ARM = Debug|ARM
		Debug|ARM64 = Debug|ARM64
		Debug|iPhone = Debug|iPhone
		Debug|iPhoneSimulator = Debug|iPhoneSimulator
		Debug|x64 = Debug|x64
		Debug|x86 = Debug|x86
		Release|Any CPU = Release|Any CPU
		Release|ARM = Release|ARM
		Release|ARM64 = Release|ARM64
		Release|iPhone = Release|iPhone
		Release|iPhoneSimulator = Release|iPhoneSimulator
		Release|x64 = Release|x64
		Release|x86 = Release|x86
	EndGlobalSection
	GlobalSection(ProjectConfigurationPlatforms) = postSolution
		{88DFCE87-5132-4D27-84DA-BDD8F33BF0C0}.Debug|Any CPU.ActiveCfg = Debug|Any CPU
		{88DFCE87-5132-4D27-84DA-BDD8F33BF0C0}.Debug|Any CPU.Build.0 = Debug|Any CPU
		{88DFCE87-5132-4D27-84DA-BDD8F33BF0C0}.Debug|Any CPU.Deploy.0 = Debug|Any CPU
		{88DFCE87-5132-4D27-84DA-BDD8F33BF0C0}.Debug|ARM.ActiveCfg = Debug|Any CPU
		{88DFCE87-5132-4D27-84DA-BDD8F33BF0C0}.Debug|ARM.Build.0 = Debug|Any CPU
		{88DFCE87-5132-4D27-84DA-BDD8F33BF0C0}.Debug|ARM.Deploy.0 = Debug|Any CPU
		{88DFCE87-5132-4D27-84DA-BDD8F33BF0C0}.Debug|ARM64.ActiveCfg = Debug|Any CPU
		{88DFCE87-5132-4D27-84DA-BDD8F33BF0C0}.Debug|ARM64.Build.0 = Debug|Any CPU
		{88DFCE87-5132-4D27-84DA-BDD8F33BF0C0}.Debug|ARM64.Deploy.0 = Debug|Any CPU
		{88DFCE87-5132-4D27-84DA-BDD8F33BF0C0}.Debug|iPhone.ActiveCfg = Debug|Any CPU
		{88DFCE87-5132-4D27-84DA-BDD8F33BF0C0}.Debug|iPhone.Build.0 = Debug|Any CPU
		{88DFCE87-5132-4D27-84DA-BDD8F33BF0C0}.Debug|iPhone.Deploy.0 = Debug|Any CPU
		{88DFCE87-5132-4D27-84DA-BDD8F33BF0C0}.Debug|iPhoneSimulator.ActiveCfg = Debug|Any CPU
		{88DFCE87-5132-4D27-84DA-BDD8F33BF0C0}.Debug|iPhoneSimulator.Build.0 = Debug|Any CPU
		{88DFCE87-5132-4D27-84DA-BDD8F33BF0C0}.Debug|iPhoneSimulator.Deploy.0 = Debug|Any CPU
		{88DFCE87-5132-4D27-84DA-BDD8F33BF0C0}.Debug|x64.ActiveCfg = Debug|Any CPU
		{88DFCE87-5132-4D27-84DA-BDD8F33BF0C0}.Debug|x64.Build.0 = Debug|Any CPU
		{88DFCE87-5132-4D27-84DA-BDD8F33BF0C0}.Debug|x64.Deploy.0 = Debug|Any CPU
		{88DFCE87-5132-4D27-84DA-BDD8F33BF0C0}.Debug|x86.ActiveCfg = Debug|Any CPU
		{88DFCE87-5132-4D27-84DA-BDD8F33BF0C0}.Debug|x86.Build.0 = Debug|Any CPU
		{88DFCE87-5132-4D27-84DA-BDD8F33BF0C0}.Debug|x86.Deploy.0 = Debug|Any CPU
		{88DFCE87-5132-4D27-84DA-BDD8F33BF0C0}.Release|Any CPU.ActiveCfg = Release|Any CPU
		{88DFCE87-5132-4D27-84DA-BDD8F33BF0C0}.Release|Any CPU.Build.0 = Release|Any CPU
		{88DFCE87-5132-4D27-84DA-BDD8F33BF0C0}.Release|Any CPU.Deploy.0 = Release|Any CPU
		{88DFCE87-5132-4D27-84DA-BDD8F33BF0C0}.Release|ARM.ActiveCfg = Release|Any CPU
		{88DFCE87-5132-4D27-84DA-BDD8F33BF0C0}.Release|ARM.Build.0 = Release|Any CPU
		{88DFCE87-5132-4D27-84DA-BDD8F33BF0C0}.Release|ARM.Deploy.0 = Release|Any CPU
		{88DFCE87-5132-4D27-84DA-BDD8F33BF0C0}.Release|ARM64.ActiveCfg = Release|Any CPU
		{88DFCE87-5132-4D27-84DA-BDD8F33BF0C0}.Release|ARM64.Build.0 = Release|Any CPU
		{88DFCE87-5132-4D27-84DA-BDD8F33BF0C0}.Release|ARM64.Deploy.0 = Release|Any CPU
		{88DFCE87-5132-4D27-84DA-BDD8F33BF0C0}.Release|iPhone.ActiveCfg = Release|Any CPU
		{88DFCE87-5132-4D27-84DA-BDD8F33BF0C0}.Release|iPhone.Build.0 = Release|Any CPU
		{88DFCE87-5132-4D27-84DA-BDD8F33BF0C0}.Release|iPhone.Deploy.0 = Release|Any CPU
		{88DFCE87-5132-4D27-84DA-BDD8F33BF0C0}.Release|iPhoneSimulator.ActiveCfg = Release|Any CPU
		{88DFCE87-5132-4D27-84DA-BDD8F33BF0C0}.Release|iPhoneSimulator.Build.0 = Release|Any CPU
		{88DFCE87-5132-4D27-84DA-BDD8F33BF0C0}.Release|iPhoneSimulator.Deploy.0 = Release|Any CPU
		{88DFCE87-5132-4D27-84DA-BDD8F33BF0C0}.Release|x64.ActiveCfg = Release|Any CPU
		{88DFCE87-5132-4D27-84DA-BDD8F33BF0C0}.Release|x64.Build.0 = Release|Any CPU
		{88DFCE87-5132-4D27-84DA-BDD8F33BF0C0}.Release|x64.Deploy.0 = Release|Any CPU
		{88DFCE87-5132-4D27-84DA-BDD8F33BF0C0}.Release|x86.ActiveCfg = Release|Any CPU
		{88DFCE87-5132-4D27-84DA-BDD8F33BF0C0}.Release|x86.Build.0 = Release|Any CPU
		{88DFCE87-5132-4D27-84DA-BDD8F33BF0C0}.Release|x86.Deploy.0 = Release|Any CPU
		{C02E9BB2-17BF-4A6A-9506-E1D9CF496722}.Debug|Any CPU.ActiveCfg = Debug|iPhone
		{C02E9BB2-17BF-4A6A-9506-E1D9CF496722}.Debug|Any CPU.Build.0 = Debug|iPhone
		{C02E9BB2-17BF-4A6A-9506-E1D9CF496722}.Debug|Any CPU.Deploy.0 = Debug|iPhone
		{C02E9BB2-17BF-4A6A-9506-E1D9CF496722}.Debug|ARM.ActiveCfg = Debug|iPhone
		{C02E9BB2-17BF-4A6A-9506-E1D9CF496722}.Debug|ARM64.ActiveCfg = Debug|iPhone
		{C02E9BB2-17BF-4A6A-9506-E1D9CF496722}.Debug|iPhone.ActiveCfg = Debug|iPhone
		{C02E9BB2-17BF-4A6A-9506-E1D9CF496722}.Debug|iPhone.Build.0 = Debug|iPhone
		{C02E9BB2-17BF-4A6A-9506-E1D9CF496722}.Debug|iPhoneSimulator.ActiveCfg = Debug|iPhoneSimulator
		{C02E9BB2-17BF-4A6A-9506-E1D9CF496722}.Debug|iPhoneSimulator.Build.0 = Debug|iPhoneSimulator
		{C02E9BB2-17BF-4A6A-9506-E1D9CF496722}.Debug|x64.ActiveCfg = Debug|iPhone
		{C02E9BB2-17BF-4A6A-9506-E1D9CF496722}.Debug|x64.Build.0 = Debug|iPhone
		{C02E9BB2-17BF-4A6A-9506-E1D9CF496722}.Debug|x64.Deploy.0 = Debug|iPhone
		{C02E9BB2-17BF-4A6A-9506-E1D9CF496722}.Debug|x86.ActiveCfg = Debug|iPhoneSimulator
		{C02E9BB2-17BF-4A6A-9506-E1D9CF496722}.Debug|x86.Build.0 = Debug|iPhoneSimulator
		{C02E9BB2-17BF-4A6A-9506-E1D9CF496722}.Debug|x86.Deploy.0 = Debug|iPhoneSimulator
		{C02E9BB2-17BF-4A6A-9506-E1D9CF496722}.Release|Any CPU.ActiveCfg = Release|iPhone
		{C02E9BB2-17BF-4A6A-9506-E1D9CF496722}.Release|ARM.ActiveCfg = Release|iPhone
		{C02E9BB2-17BF-4A6A-9506-E1D9CF496722}.Release|ARM64.ActiveCfg = Release|iPhone
		{C02E9BB2-17BF-4A6A-9506-E1D9CF496722}.Release|iPhone.ActiveCfg = Release|iPhone
		{C02E9BB2-17BF-4A6A-9506-E1D9CF496722}.Release|iPhone.Build.0 = Release|iPhone
		{C02E9BB2-17BF-4A6A-9506-E1D9CF496722}.Release|iPhoneSimulator.ActiveCfg = Release|iPhoneSimulator
		{C02E9BB2-17BF-4A6A-9506-E1D9CF496722}.Release|iPhoneSimulator.Build.0 = Release|iPhoneSimulator
		{C02E9BB2-17BF-4A6A-9506-E1D9CF496722}.Release|x64.ActiveCfg = Release|iPhoneSimulator
		{C02E9BB2-17BF-4A6A-9506-E1D9CF496722}.Release|x64.Build.0 = Release|iPhoneSimulator
		{C02E9BB2-17BF-4A6A-9506-E1D9CF496722}.Release|x64.Deploy.0 = Release|iPhoneSimulator
		{C02E9BB2-17BF-4A6A-9506-E1D9CF496722}.Release|x86.ActiveCfg = Release|iPhoneSimulator
		{C02E9BB2-17BF-4A6A-9506-E1D9CF496722}.Release|x86.Build.0 = Release|iPhoneSimulator
		{40EA03F7-8A22-4143-B251-79BAC3EB13D2}.Debug|Any CPU.ActiveCfg = Debug|Any CPU
		{40EA03F7-8A22-4143-B251-79BAC3EB13D2}.Debug|Any CPU.Build.0 = Debug|Any CPU
		{40EA03F7-8A22-4143-B251-79BAC3EB13D2}.Debug|ARM.ActiveCfg = Debug|Any CPU
		{40EA03F7-8A22-4143-B251-79BAC3EB13D2}.Debug|ARM.Build.0 = Debug|Any CPU
		{40EA03F7-8A22-4143-B251-79BAC3EB13D2}.Debug|ARM64.ActiveCfg = Debug|Any CPU
		{40EA03F7-8A22-4143-B251-79BAC3EB13D2}.Debug|ARM64.Build.0 = Debug|Any CPU
		{40EA03F7-8A22-4143-B251-79BAC3EB13D2}.Debug|iPhone.ActiveCfg = Debug|Any CPU
		{40EA03F7-8A22-4143-B251-79BAC3EB13D2}.Debug|iPhone.Build.0 = Debug|Any CPU
		{40EA03F7-8A22-4143-B251-79BAC3EB13D2}.Debug|iPhoneSimulator.ActiveCfg = Debug|Any CPU
		{40EA03F7-8A22-4143-B251-79BAC3EB13D2}.Debug|iPhoneSimulator.Build.0 = Debug|Any CPU
		{40EA03F7-8A22-4143-B251-79BAC3EB13D2}.Debug|x64.ActiveCfg = Debug|Any CPU
		{40EA03F7-8A22-4143-B251-79BAC3EB13D2}.Debug|x64.Build.0 = Debug|Any CPU
		{40EA03F7-8A22-4143-B251-79BAC3EB13D2}.Debug|x86.ActiveCfg = Debug|Any CPU
		{40EA03F7-8A22-4143-B251-79BAC3EB13D2}.Debug|x86.Build.0 = Debug|Any CPU
		{40EA03F7-8A22-4143-B251-79BAC3EB13D2}.Release|Any CPU.ActiveCfg = Release|Any CPU
		{40EA03F7-8A22-4143-B251-79BAC3EB13D2}.Release|Any CPU.Build.0 = Release|Any CPU
		{40EA03F7-8A22-4143-B251-79BAC3EB13D2}.Release|ARM.ActiveCfg = Release|Any CPU
		{40EA03F7-8A22-4143-B251-79BAC3EB13D2}.Release|ARM.Build.0 = Release|Any CPU
		{40EA03F7-8A22-4143-B251-79BAC3EB13D2}.Release|ARM64.ActiveCfg = Release|Any CPU
		{40EA03F7-8A22-4143-B251-79BAC3EB13D2}.Release|ARM64.Build.0 = Release|Any CPU
		{40EA03F7-8A22-4143-B251-79BAC3EB13D2}.Release|iPhone.ActiveCfg = Release|Any CPU
		{40EA03F7-8A22-4143-B251-79BAC3EB13D2}.Release|iPhone.Build.0 = Release|Any CPU
		{40EA03F7-8A22-4143-B251-79BAC3EB13D2}.Release|iPhoneSimulator.ActiveCfg = Release|Any CPU
		{40EA03F7-8A22-4143-B251-79BAC3EB13D2}.Release|iPhoneSimulator.Build.0 = Release|Any CPU
		{40EA03F7-8A22-4143-B251-79BAC3EB13D2}.Release|x64.ActiveCfg = Release|Any CPU
		{40EA03F7-8A22-4143-B251-79BAC3EB13D2}.Release|x64.Build.0 = Release|Any CPU
		{40EA03F7-8A22-4143-B251-79BAC3EB13D2}.Release|x86.ActiveCfg = Release|Any CPU
		{40EA03F7-8A22-4143-B251-79BAC3EB13D2}.Release|x86.Build.0 = Release|Any CPU
		{26EFA701-4ACB-4CC0-B7DD-36EB6E02E647}.Debug|Any CPU.ActiveCfg = Debug|iPhoneSimulator
		{26EFA701-4ACB-4CC0-B7DD-36EB6E02E647}.Debug|Any CPU.Build.0 = Debug|iPhoneSimulator
		{26EFA701-4ACB-4CC0-B7DD-36EB6E02E647}.Debug|ARM.ActiveCfg = Debug|iPhoneSimulator
		{26EFA701-4ACB-4CC0-B7DD-36EB6E02E647}.Debug|ARM64.ActiveCfg = Debug|iPhoneSimulator
		{26EFA701-4ACB-4CC0-B7DD-36EB6E02E647}.Debug|iPhone.ActiveCfg = Debug|iPhoneSimulator
		{26EFA701-4ACB-4CC0-B7DD-36EB6E02E647}.Debug|iPhone.Build.0 = Debug|iPhoneSimulator
		{26EFA701-4ACB-4CC0-B7DD-36EB6E02E647}.Debug|iPhoneSimulator.ActiveCfg = Debug|iPhoneSimulator
		{26EFA701-4ACB-4CC0-B7DD-36EB6E02E647}.Debug|iPhoneSimulator.Build.0 = Debug|iPhoneSimulator
		{26EFA701-4ACB-4CC0-B7DD-36EB6E02E647}.Debug|x64.ActiveCfg = Debug|iPhoneSimulator
		{26EFA701-4ACB-4CC0-B7DD-36EB6E02E647}.Debug|x64.Build.0 = Debug|iPhoneSimulator
		{26EFA701-4ACB-4CC0-B7DD-36EB6E02E647}.Debug|x86.ActiveCfg = Debug|iPhoneSimulator
		{26EFA701-4ACB-4CC0-B7DD-36EB6E02E647}.Debug|x86.Build.0 = Debug|iPhoneSimulator
		{26EFA701-4ACB-4CC0-B7DD-36EB6E02E647}.Release|Any CPU.ActiveCfg = Release|iPhoneSimulator
		{26EFA701-4ACB-4CC0-B7DD-36EB6E02E647}.Release|ARM.ActiveCfg = Release|iPhoneSimulator
		{26EFA701-4ACB-4CC0-B7DD-36EB6E02E647}.Release|ARM64.ActiveCfg = Release|iPhoneSimulator
		{26EFA701-4ACB-4CC0-B7DD-36EB6E02E647}.Release|iPhone.ActiveCfg = Release|iPhoneSimulator
		{26EFA701-4ACB-4CC0-B7DD-36EB6E02E647}.Release|iPhone.Build.0 = Release|iPhoneSimulator
		{26EFA701-4ACB-4CC0-B7DD-36EB6E02E647}.Release|iPhoneSimulator.ActiveCfg = Release|iPhoneSimulator
		{26EFA701-4ACB-4CC0-B7DD-36EB6E02E647}.Release|iPhoneSimulator.Build.0 = Release|iPhoneSimulator
		{26EFA701-4ACB-4CC0-B7DD-36EB6E02E647}.Release|x64.ActiveCfg = Release|iPhoneSimulator
		{26EFA701-4ACB-4CC0-B7DD-36EB6E02E647}.Release|x64.Build.0 = Release|iPhoneSimulator
		{26EFA701-4ACB-4CC0-B7DD-36EB6E02E647}.Release|x86.ActiveCfg = Release|iPhoneSimulator
		{26EFA701-4ACB-4CC0-B7DD-36EB6E02E647}.Release|x86.Build.0 = Release|iPhoneSimulator
		{A5B8155A-118F-4794-B551-C6F3CF7E5411}.Debug|Any CPU.ActiveCfg = Debug|Any CPU
		{A5B8155A-118F-4794-B551-C6F3CF7E5411}.Debug|Any CPU.Build.0 = Debug|Any CPU
		{A5B8155A-118F-4794-B551-C6F3CF7E5411}.Debug|ARM.ActiveCfg = Debug|Any CPU
		{A5B8155A-118F-4794-B551-C6F3CF7E5411}.Debug|ARM.Build.0 = Debug|Any CPU
		{A5B8155A-118F-4794-B551-C6F3CF7E5411}.Debug|ARM64.ActiveCfg = Debug|Any CPU
		{A5B8155A-118F-4794-B551-C6F3CF7E5411}.Debug|ARM64.Build.0 = Debug|Any CPU
		{A5B8155A-118F-4794-B551-C6F3CF7E5411}.Debug|iPhone.ActiveCfg = Debug|Any CPU
		{A5B8155A-118F-4794-B551-C6F3CF7E5411}.Debug|iPhone.Build.0 = Debug|Any CPU
		{A5B8155A-118F-4794-B551-C6F3CF7E5411}.Debug|iPhoneSimulator.ActiveCfg = Debug|Any CPU
		{A5B8155A-118F-4794-B551-C6F3CF7E5411}.Debug|iPhoneSimulator.Build.0 = Debug|Any CPU
		{A5B8155A-118F-4794-B551-C6F3CF7E5411}.Debug|x64.ActiveCfg = Debug|Any CPU
		{A5B8155A-118F-4794-B551-C6F3CF7E5411}.Debug|x64.Build.0 = Debug|Any CPU
		{A5B8155A-118F-4794-B551-C6F3CF7E5411}.Debug|x86.ActiveCfg = Debug|Any CPU
		{A5B8155A-118F-4794-B551-C6F3CF7E5411}.Debug|x86.Build.0 = Debug|Any CPU
		{A5B8155A-118F-4794-B551-C6F3CF7E5411}.Release|Any CPU.ActiveCfg = Release|Any CPU
		{A5B8155A-118F-4794-B551-C6F3CF7E5411}.Release|Any CPU.Build.0 = Release|Any CPU
		{A5B8155A-118F-4794-B551-C6F3CF7E5411}.Release|ARM.ActiveCfg = Release|Any CPU
		{A5B8155A-118F-4794-B551-C6F3CF7E5411}.Release|ARM.Build.0 = Release|Any CPU
		{A5B8155A-118F-4794-B551-C6F3CF7E5411}.Release|ARM64.ActiveCfg = Release|Any CPU
		{A5B8155A-118F-4794-B551-C6F3CF7E5411}.Release|ARM64.Build.0 = Release|Any CPU
		{A5B8155A-118F-4794-B551-C6F3CF7E5411}.Release|iPhone.ActiveCfg = Release|Any CPU
		{A5B8155A-118F-4794-B551-C6F3CF7E5411}.Release|iPhone.Build.0 = Release|Any CPU
		{A5B8155A-118F-4794-B551-C6F3CF7E5411}.Release|iPhoneSimulator.ActiveCfg = Release|Any CPU
		{A5B8155A-118F-4794-B551-C6F3CF7E5411}.Release|iPhoneSimulator.Build.0 = Release|Any CPU
		{A5B8155A-118F-4794-B551-C6F3CF7E5411}.Release|x64.ActiveCfg = Release|Any CPU
		{A5B8155A-118F-4794-B551-C6F3CF7E5411}.Release|x64.Build.0 = Release|Any CPU
		{A5B8155A-118F-4794-B551-C6F3CF7E5411}.Release|x86.ActiveCfg = Release|Any CPU
		{A5B8155A-118F-4794-B551-C6F3CF7E5411}.Release|x86.Build.0 = Release|Any CPU
		{C3CD9494-C334-42F4-8626-E0495FA1F188}.Debug|Any CPU.ActiveCfg = Debug|Any CPU
		{C3CD9494-C334-42F4-8626-E0495FA1F188}.Debug|Any CPU.Build.0 = Debug|Any CPU
		{C3CD9494-C334-42F4-8626-E0495FA1F188}.Debug|Any CPU.Deploy.0 = Debug|Any CPU
		{C3CD9494-C334-42F4-8626-E0495FA1F188}.Debug|ARM.ActiveCfg = Debug|Any CPU
		{C3CD9494-C334-42F4-8626-E0495FA1F188}.Debug|ARM.Build.0 = Debug|Any CPU
		{C3CD9494-C334-42F4-8626-E0495FA1F188}.Debug|ARM.Deploy.0 = Debug|Any CPU
		{C3CD9494-C334-42F4-8626-E0495FA1F188}.Debug|ARM64.ActiveCfg = Debug|Any CPU
		{C3CD9494-C334-42F4-8626-E0495FA1F188}.Debug|ARM64.Build.0 = Debug|Any CPU
		{C3CD9494-C334-42F4-8626-E0495FA1F188}.Debug|ARM64.Deploy.0 = Debug|Any CPU
		{C3CD9494-C334-42F4-8626-E0495FA1F188}.Debug|iPhone.ActiveCfg = Debug|Any CPU
		{C3CD9494-C334-42F4-8626-E0495FA1F188}.Debug|iPhone.Build.0 = Debug|Any CPU
		{C3CD9494-C334-42F4-8626-E0495FA1F188}.Debug|iPhone.Deploy.0 = Debug|Any CPU
		{C3CD9494-C334-42F4-8626-E0495FA1F188}.Debug|iPhoneSimulator.ActiveCfg = Debug|Any CPU
		{C3CD9494-C334-42F4-8626-E0495FA1F188}.Debug|iPhoneSimulator.Build.0 = Debug|Any CPU
		{C3CD9494-C334-42F4-8626-E0495FA1F188}.Debug|iPhoneSimulator.Deploy.0 = Debug|Any CPU
		{C3CD9494-C334-42F4-8626-E0495FA1F188}.Debug|x64.ActiveCfg = Debug|Any CPU
		{C3CD9494-C334-42F4-8626-E0495FA1F188}.Debug|x64.Build.0 = Debug|Any CPU
		{C3CD9494-C334-42F4-8626-E0495FA1F188}.Debug|x64.Deploy.0 = Debug|Any CPU
		{C3CD9494-C334-42F4-8626-E0495FA1F188}.Debug|x86.ActiveCfg = Debug|Any CPU
		{C3CD9494-C334-42F4-8626-E0495FA1F188}.Debug|x86.Build.0 = Debug|Any CPU
		{C3CD9494-C334-42F4-8626-E0495FA1F188}.Debug|x86.Deploy.0 = Debug|Any CPU
		{C3CD9494-C334-42F4-8626-E0495FA1F188}.Release|Any CPU.ActiveCfg = Release|Any CPU
		{C3CD9494-C334-42F4-8626-E0495FA1F188}.Release|Any CPU.Build.0 = Release|Any CPU
		{C3CD9494-C334-42F4-8626-E0495FA1F188}.Release|ARM.ActiveCfg = Release|Any CPU
		{C3CD9494-C334-42F4-8626-E0495FA1F188}.Release|ARM.Build.0 = Release|Any CPU
		{C3CD9494-C334-42F4-8626-E0495FA1F188}.Release|ARM.Deploy.0 = Release|Any CPU
		{C3CD9494-C334-42F4-8626-E0495FA1F188}.Release|ARM64.ActiveCfg = Release|Any CPU
		{C3CD9494-C334-42F4-8626-E0495FA1F188}.Release|ARM64.Build.0 = Release|Any CPU
		{C3CD9494-C334-42F4-8626-E0495FA1F188}.Release|ARM64.Deploy.0 = Release|Any CPU
		{C3CD9494-C334-42F4-8626-E0495FA1F188}.Release|iPhone.ActiveCfg = Release|Any CPU
		{C3CD9494-C334-42F4-8626-E0495FA1F188}.Release|iPhone.Build.0 = Release|Any CPU
		{C3CD9494-C334-42F4-8626-E0495FA1F188}.Release|iPhoneSimulator.ActiveCfg = Release|Any CPU
		{C3CD9494-C334-42F4-8626-E0495FA1F188}.Release|iPhoneSimulator.Build.0 = Release|Any CPU
		{C3CD9494-C334-42F4-8626-E0495FA1F188}.Release|iPhoneSimulator.Deploy.0 = Release|Any CPU
		{C3CD9494-C334-42F4-8626-E0495FA1F188}.Release|x64.ActiveCfg = Release|Any CPU
		{C3CD9494-C334-42F4-8626-E0495FA1F188}.Release|x64.Build.0 = Release|Any CPU
		{C3CD9494-C334-42F4-8626-E0495FA1F188}.Release|x64.Deploy.0 = Release|Any CPU
		{C3CD9494-C334-42F4-8626-E0495FA1F188}.Release|x86.ActiveCfg = Release|Any CPU
		{C3CD9494-C334-42F4-8626-E0495FA1F188}.Release|x86.Build.0 = Release|Any CPU
		{C3CD9494-C334-42F4-8626-E0495FA1F188}.Release|x86.Deploy.0 = Release|Any CPU
		{6CF284A4-22B1-4F05-97F4-F095C07A598E}.Debug|Any CPU.ActiveCfg = Debug|Any CPU
		{6CF284A4-22B1-4F05-97F4-F095C07A598E}.Debug|Any CPU.Build.0 = Debug|Any CPU
		{6CF284A4-22B1-4F05-97F4-F095C07A598E}.Debug|ARM.ActiveCfg = Debug|Any CPU
		{6CF284A4-22B1-4F05-97F4-F095C07A598E}.Debug|ARM.Build.0 = Debug|Any CPU
		{6CF284A4-22B1-4F05-97F4-F095C07A598E}.Debug|ARM64.ActiveCfg = Debug|Any CPU
		{6CF284A4-22B1-4F05-97F4-F095C07A598E}.Debug|ARM64.Build.0 = Debug|Any CPU
		{6CF284A4-22B1-4F05-97F4-F095C07A598E}.Debug|iPhone.ActiveCfg = Debug|Any CPU
		{6CF284A4-22B1-4F05-97F4-F095C07A598E}.Debug|iPhone.Build.0 = Debug|Any CPU
		{6CF284A4-22B1-4F05-97F4-F095C07A598E}.Debug|iPhoneSimulator.ActiveCfg = Debug|Any CPU
		{6CF284A4-22B1-4F05-97F4-F095C07A598E}.Debug|iPhoneSimulator.Build.0 = Debug|Any CPU
		{6CF284A4-22B1-4F05-97F4-F095C07A598E}.Debug|x64.ActiveCfg = Debug|Any CPU
		{6CF284A4-22B1-4F05-97F4-F095C07A598E}.Debug|x64.Build.0 = Debug|Any CPU
		{6CF284A4-22B1-4F05-97F4-F095C07A598E}.Debug|x86.ActiveCfg = Debug|Any CPU
		{6CF284A4-22B1-4F05-97F4-F095C07A598E}.Debug|x86.Build.0 = Debug|Any CPU
		{6CF284A4-22B1-4F05-97F4-F095C07A598E}.Release|Any CPU.ActiveCfg = Release|Any CPU
		{6CF284A4-22B1-4F05-97F4-F095C07A598E}.Release|Any CPU.Build.0 = Release|Any CPU
		{6CF284A4-22B1-4F05-97F4-F095C07A598E}.Release|ARM.ActiveCfg = Release|Any CPU
		{6CF284A4-22B1-4F05-97F4-F095C07A598E}.Release|ARM.Build.0 = Release|Any CPU
		{6CF284A4-22B1-4F05-97F4-F095C07A598E}.Release|ARM64.ActiveCfg = Release|Any CPU
		{6CF284A4-22B1-4F05-97F4-F095C07A598E}.Release|ARM64.Build.0 = Release|Any CPU
		{6CF284A4-22B1-4F05-97F4-F095C07A598E}.Release|iPhone.ActiveCfg = Release|Any CPU
		{6CF284A4-22B1-4F05-97F4-F095C07A598E}.Release|iPhone.Build.0 = Release|Any CPU
		{6CF284A4-22B1-4F05-97F4-F095C07A598E}.Release|iPhoneSimulator.ActiveCfg = Release|Any CPU
		{6CF284A4-22B1-4F05-97F4-F095C07A598E}.Release|iPhoneSimulator.Build.0 = Release|Any CPU
		{6CF284A4-22B1-4F05-97F4-F095C07A598E}.Release|x64.ActiveCfg = Release|Any CPU
		{6CF284A4-22B1-4F05-97F4-F095C07A598E}.Release|x64.Build.0 = Release|Any CPU
		{6CF284A4-22B1-4F05-97F4-F095C07A598E}.Release|x86.ActiveCfg = Release|Any CPU
		{6CF284A4-22B1-4F05-97F4-F095C07A598E}.Release|x86.Build.0 = Release|Any CPU
		{1AA13270-F438-4864-9435-54FD806E10EA}.Debug|Any CPU.ActiveCfg = Debug|x64
		{1AA13270-F438-4864-9435-54FD806E10EA}.Debug|Any CPU.Build.0 = Debug|x64
		{1AA13270-F438-4864-9435-54FD806E10EA}.Debug|ARM.ActiveCfg = Debug|Any CPU
		{1AA13270-F438-4864-9435-54FD806E10EA}.Debug|ARM.Build.0 = Debug|Any CPU
		{1AA13270-F438-4864-9435-54FD806E10EA}.Debug|ARM64.ActiveCfg = Debug|x86
		{1AA13270-F438-4864-9435-54FD806E10EA}.Debug|ARM64.Build.0 = Debug|x86
		{1AA13270-F438-4864-9435-54FD806E10EA}.Debug|iPhone.ActiveCfg = Debug|Any CPU
		{1AA13270-F438-4864-9435-54FD806E10EA}.Debug|iPhone.Build.0 = Debug|Any CPU
		{1AA13270-F438-4864-9435-54FD806E10EA}.Debug|iPhoneSimulator.ActiveCfg = Debug|Any CPU
		{1AA13270-F438-4864-9435-54FD806E10EA}.Debug|iPhoneSimulator.Build.0 = Debug|Any CPU
		{1AA13270-F438-4864-9435-54FD806E10EA}.Debug|x64.ActiveCfg = Debug|x86
		{1AA13270-F438-4864-9435-54FD806E10EA}.Debug|x64.Build.0 = Debug|x86
		{1AA13270-F438-4864-9435-54FD806E10EA}.Debug|x86.ActiveCfg = Debug|x86
		{1AA13270-F438-4864-9435-54FD806E10EA}.Debug|x86.Build.0 = Debug|x86
		{1AA13270-F438-4864-9435-54FD806E10EA}.Release|Any CPU.ActiveCfg = Release|Any CPU
		{1AA13270-F438-4864-9435-54FD806E10EA}.Release|Any CPU.Build.0 = Release|Any CPU
		{1AA13270-F438-4864-9435-54FD806E10EA}.Release|ARM.ActiveCfg = Release|Any CPU
		{1AA13270-F438-4864-9435-54FD806E10EA}.Release|ARM.Build.0 = Release|Any CPU
		{1AA13270-F438-4864-9435-54FD806E10EA}.Release|ARM64.ActiveCfg = Release|x86
		{1AA13270-F438-4864-9435-54FD806E10EA}.Release|ARM64.Build.0 = Release|x86
		{1AA13270-F438-4864-9435-54FD806E10EA}.Release|iPhone.ActiveCfg = Release|Any CPU
		{1AA13270-F438-4864-9435-54FD806E10EA}.Release|iPhone.Build.0 = Release|Any CPU
		{1AA13270-F438-4864-9435-54FD806E10EA}.Release|iPhoneSimulator.ActiveCfg = Release|Any CPU
		{1AA13270-F438-4864-9435-54FD806E10EA}.Release|iPhoneSimulator.Build.0 = Release|Any CPU
		{1AA13270-F438-4864-9435-54FD806E10EA}.Release|x64.ActiveCfg = Release|x86
		{1AA13270-F438-4864-9435-54FD806E10EA}.Release|x64.Build.0 = Release|x86
		{1AA13270-F438-4864-9435-54FD806E10EA}.Release|x86.ActiveCfg = Release|x86
		{1AA13270-F438-4864-9435-54FD806E10EA}.Release|x86.Build.0 = Release|x86
		{1E9ADD43-9EC6-4902-85E1-F529378C5F6C}.Debug|Any CPU.ActiveCfg = Debug|x64
		{1E9ADD43-9EC6-4902-85E1-F529378C5F6C}.Debug|Any CPU.Build.0 = Debug|x64
		{1E9ADD43-9EC6-4902-85E1-F529378C5F6C}.Debug|Any CPU.Deploy.0 = Debug|x64
		{1E9ADD43-9EC6-4902-85E1-F529378C5F6C}.Debug|ARM.ActiveCfg = Debug|x64
		{1E9ADD43-9EC6-4902-85E1-F529378C5F6C}.Debug|ARM.Build.0 = Debug|x64
		{1E9ADD43-9EC6-4902-85E1-F529378C5F6C}.Debug|ARM.Deploy.0 = Debug|x64
		{1E9ADD43-9EC6-4902-85E1-F529378C5F6C}.Debug|ARM64.ActiveCfg = Debug|arm64
		{1E9ADD43-9EC6-4902-85E1-F529378C5F6C}.Debug|ARM64.Build.0 = Debug|arm64
		{1E9ADD43-9EC6-4902-85E1-F529378C5F6C}.Debug|ARM64.Deploy.0 = Debug|arm64
		{1E9ADD43-9EC6-4902-85E1-F529378C5F6C}.Debug|iPhone.ActiveCfg = Debug|x64
		{1E9ADD43-9EC6-4902-85E1-F529378C5F6C}.Debug|iPhone.Build.0 = Debug|x64
		{1E9ADD43-9EC6-4902-85E1-F529378C5F6C}.Debug|iPhone.Deploy.0 = Debug|x64
		{1E9ADD43-9EC6-4902-85E1-F529378C5F6C}.Debug|iPhoneSimulator.ActiveCfg = Debug|x64
		{1E9ADD43-9EC6-4902-85E1-F529378C5F6C}.Debug|iPhoneSimulator.Build.0 = Debug|x64
		{1E9ADD43-9EC6-4902-85E1-F529378C5F6C}.Debug|iPhoneSimulator.Deploy.0 = Debug|x64
		{1E9ADD43-9EC6-4902-85E1-F529378C5F6C}.Debug|x64.ActiveCfg = Debug|x64
		{1E9ADD43-9EC6-4902-85E1-F529378C5F6C}.Debug|x64.Build.0 = Debug|x64
		{1E9ADD43-9EC6-4902-85E1-F529378C5F6C}.Debug|x64.Deploy.0 = Debug|x64
		{1E9ADD43-9EC6-4902-85E1-F529378C5F6C}.Debug|x86.ActiveCfg = Debug|x86
		{1E9ADD43-9EC6-4902-85E1-F529378C5F6C}.Debug|x86.Build.0 = Debug|x86
		{1E9ADD43-9EC6-4902-85E1-F529378C5F6C}.Debug|x86.Deploy.0 = Debug|x86
		{1E9ADD43-9EC6-4902-85E1-F529378C5F6C}.Release|Any CPU.ActiveCfg = Release|x64
		{1E9ADD43-9EC6-4902-85E1-F529378C5F6C}.Release|Any CPU.Build.0 = Release|x64
		{1E9ADD43-9EC6-4902-85E1-F529378C5F6C}.Release|Any CPU.Deploy.0 = Release|x64
		{1E9ADD43-9EC6-4902-85E1-F529378C5F6C}.Release|ARM.ActiveCfg = Release|x64
		{1E9ADD43-9EC6-4902-85E1-F529378C5F6C}.Release|ARM.Build.0 = Release|x64
		{1E9ADD43-9EC6-4902-85E1-F529378C5F6C}.Release|ARM.Deploy.0 = Release|x64
		{1E9ADD43-9EC6-4902-85E1-F529378C5F6C}.Release|ARM64.ActiveCfg = Release|arm64
		{1E9ADD43-9EC6-4902-85E1-F529378C5F6C}.Release|ARM64.Build.0 = Release|arm64
		{1E9ADD43-9EC6-4902-85E1-F529378C5F6C}.Release|ARM64.Deploy.0 = Release|arm64
		{1E9ADD43-9EC6-4902-85E1-F529378C5F6C}.Release|iPhone.ActiveCfg = Release|x64
		{1E9ADD43-9EC6-4902-85E1-F529378C5F6C}.Release|iPhone.Build.0 = Release|x64
		{1E9ADD43-9EC6-4902-85E1-F529378C5F6C}.Release|iPhone.Deploy.0 = Release|x64
		{1E9ADD43-9EC6-4902-85E1-F529378C5F6C}.Release|iPhoneSimulator.ActiveCfg = Release|x64
		{1E9ADD43-9EC6-4902-85E1-F529378C5F6C}.Release|iPhoneSimulator.Build.0 = Release|x64
		{1E9ADD43-9EC6-4902-85E1-F529378C5F6C}.Release|iPhoneSimulator.Deploy.0 = Release|x64
		{1E9ADD43-9EC6-4902-85E1-F529378C5F6C}.Release|x64.ActiveCfg = Release|x64
		{1E9ADD43-9EC6-4902-85E1-F529378C5F6C}.Release|x64.Build.0 = Release|x64
		{1E9ADD43-9EC6-4902-85E1-F529378C5F6C}.Release|x64.Deploy.0 = Release|x64
		{1E9ADD43-9EC6-4902-85E1-F529378C5F6C}.Release|x86.ActiveCfg = Release|x86
		{1E9ADD43-9EC6-4902-85E1-F529378C5F6C}.Release|x86.Build.0 = Release|x86
		{1E9ADD43-9EC6-4902-85E1-F529378C5F6C}.Release|x86.Deploy.0 = Release|x86
		{BBF3068B-3E08-44A4-866A-BD20DB4B78C5}.Debug|Any CPU.ActiveCfg = Debug|Any CPU
		{BBF3068B-3E08-44A4-866A-BD20DB4B78C5}.Debug|Any CPU.Build.0 = Debug|Any CPU
		{BBF3068B-3E08-44A4-866A-BD20DB4B78C5}.Debug|ARM.ActiveCfg = Debug|Any CPU
		{BBF3068B-3E08-44A4-866A-BD20DB4B78C5}.Debug|ARM.Build.0 = Debug|Any CPU
		{BBF3068B-3E08-44A4-866A-BD20DB4B78C5}.Debug|ARM64.ActiveCfg = Debug|Any CPU
		{BBF3068B-3E08-44A4-866A-BD20DB4B78C5}.Debug|ARM64.Build.0 = Debug|Any CPU
		{BBF3068B-3E08-44A4-866A-BD20DB4B78C5}.Debug|iPhone.ActiveCfg = Debug|Any CPU
		{BBF3068B-3E08-44A4-866A-BD20DB4B78C5}.Debug|iPhone.Build.0 = Debug|Any CPU
		{BBF3068B-3E08-44A4-866A-BD20DB4B78C5}.Debug|iPhoneSimulator.ActiveCfg = Debug|Any CPU
		{BBF3068B-3E08-44A4-866A-BD20DB4B78C5}.Debug|iPhoneSimulator.Build.0 = Debug|Any CPU
		{BBF3068B-3E08-44A4-866A-BD20DB4B78C5}.Debug|x64.ActiveCfg = Debug|Any CPU
		{BBF3068B-3E08-44A4-866A-BD20DB4B78C5}.Debug|x64.Build.0 = Debug|Any CPU
		{BBF3068B-3E08-44A4-866A-BD20DB4B78C5}.Debug|x86.ActiveCfg = Debug|Any CPU
		{BBF3068B-3E08-44A4-866A-BD20DB4B78C5}.Debug|x86.Build.0 = Debug|Any CPU
		{BBF3068B-3E08-44A4-866A-BD20DB4B78C5}.Release|Any CPU.ActiveCfg = Release|Any CPU
		{BBF3068B-3E08-44A4-866A-BD20DB4B78C5}.Release|Any CPU.Build.0 = Release|Any CPU
		{BBF3068B-3E08-44A4-866A-BD20DB4B78C5}.Release|ARM.ActiveCfg = Release|Any CPU
		{BBF3068B-3E08-44A4-866A-BD20DB4B78C5}.Release|ARM.Build.0 = Release|Any CPU
		{BBF3068B-3E08-44A4-866A-BD20DB4B78C5}.Release|ARM64.ActiveCfg = Release|Any CPU
		{BBF3068B-3E08-44A4-866A-BD20DB4B78C5}.Release|ARM64.Build.0 = Release|Any CPU
		{BBF3068B-3E08-44A4-866A-BD20DB4B78C5}.Release|iPhone.ActiveCfg = Release|Any CPU
		{BBF3068B-3E08-44A4-866A-BD20DB4B78C5}.Release|iPhone.Build.0 = Release|Any CPU
		{BBF3068B-3E08-44A4-866A-BD20DB4B78C5}.Release|iPhoneSimulator.ActiveCfg = Release|Any CPU
		{BBF3068B-3E08-44A4-866A-BD20DB4B78C5}.Release|iPhoneSimulator.Build.0 = Release|Any CPU
		{BBF3068B-3E08-44A4-866A-BD20DB4B78C5}.Release|x64.ActiveCfg = Release|Any CPU
		{BBF3068B-3E08-44A4-866A-BD20DB4B78C5}.Release|x64.Build.0 = Release|Any CPU
		{BBF3068B-3E08-44A4-866A-BD20DB4B78C5}.Release|x86.ActiveCfg = Release|Any CPU
		{BBF3068B-3E08-44A4-866A-BD20DB4B78C5}.Release|x86.Build.0 = Release|Any CPU
	EndGlobalSection
	GlobalSection(SolutionProperties) = preSolution
		HideSolutionNode = FALSE
	EndGlobalSection
	GlobalSection(ExtensibilityGlobals) = postSolution
		SolutionGuid = {C7433AE2-B1A0-4C1A-887E-5CAA7AAF67A6}
	EndGlobalSection
EndGlobal
